
Microsoft Visual Studio Solution File, Format Version 11.00
# Visual Studio 2010
Project("{FAE04EC0-301F-11D3-BF4B-00C04F79EFBC}") = "xbase", "xbase.csproj", "{70854294-306B-493D-9264-87699D33A18B}"
EndProject
Project("{FAE04EC0-301F-11D3-BF4B-00C04F79EFBC}") = "xbase.admin", "..\xbase.admin\xbase.admin.csproj", "{10503FF3-6247-4BEF-928B-2A873448D90C}"
	ProjectSection(ProjectDependencies) = postProject
		{70854294-306B-493D-9264-87699D33A18B} = {70854294-306B-493D-9264-87699D33A18B}
	EndProjectSection
EndProject
Global
	GlobalSection(SolutionConfigurationPlatforms) = preSolution
		Debug|Any CPU = Debug|Any CPU
		Release|Any CPU = Release|Any CPU
	EndGlobalSection
	GlobalSection(ProjectConfigurationPlatforms) = postSolution
		{70854294-306B-493D-9264-87699D33A18B}.Debug|Any CPU.ActiveCfg = Debug|Any CPU
		{70854294-306B-493D-9264-87699D33A18B}.Debug|Any CPU.Build.0 = Debug|Any CPU
		{70854294-306B-493D-9264-87699D33A18B}.Release|Any CPU.ActiveCfg = Release|Any CPU
		{70854294-306B-493D-9264-87699D33A18B}.Release|Any CPU.Build.0 = Release|Any CPU
		{10503FF3-6247-4BEF-928B-2A873448D90C}.Debug|Any CPU.ActiveCfg = Debug|Any CPU
		{10503FF3-6247-4BEF-928B-2A873448D90C}.Debug|Any CPU.Build.0 = Debug|Any CPU
		{10503FF3-6247-4BEF-928B-2A873448D90C}.Release|Any CPU.ActiveCfg = Release|Any CPU
		{10503FF3-6247-4BEF-928B-2A873448D90C}.Release|Any CPU.Build.0 = Release|Any CPU
	EndGlobalSection
	GlobalSection(SolutionProperties) = preSolution
		HideSolutionNode = FALSE
	EndGlobalSection
EndGlobal
